
Microsoft Visual Studio Solution File, Format Version 12.00
# Visual Studio Version 16
VisualStudioVersion = 16.0.31410.357
MinimumVisualStudioVersion = 10.0.40219.1
Project("{9A19103F-16F7-4668-BE54-9A1E7A4F7556}") = "DatabaseManager", "DatabaseManager.csproj", "{551FE6AE-9537-467D-A7A5-DA7E7E98F84E}"
EndProject
Global
	GlobalSection(SolutionConfigurationPlatforms) = preSolution
		Debug|Any CPU = Debug|Any CPU
		Release|Any CPU = Release|Any CPU
	EndGlobalSection
	GlobalSection(ProjectConfigurationPlatforms) = postSolution
		{551FE6AE-9537-467D-A7A5-DA7E7E98F84E}.Debug|Any CPU.ActiveCfg = Debug|Any CPU
		{551FE6AE-9537-467D-A7A5-DA7E7E98F84E}.Debug|Any CPU.Build.0 = Debug|Any CPU
		{551FE6AE-9537-467D-A7A5-DA7E7E98F84E}.Release|Any CPU.ActiveCfg = Release|Any CPU
		{551FE6AE-9537-467D-A7A5-DA7E7E98F84E}.Release|Any CPU.Build.0 = Release|Any CPU
	EndGlobalSection
	GlobalSection(SolutionProperties) = preSolution
		HideSolutionNode = FALSE
	EndGlobalSection
	GlobalSection(ExtensibilityGlobals) = postSolution
		SolutionGuid = {06957F4A-D9C1-4BC9-A4D2-4E20E003867A}
	EndGlobalSection
EndGlobal
